// !$*UTF8*$!
{
	archiveVersion = 1;
	classes = {
	};
	objectVersion = 55;
	objects = {

/* Begin PBXBuildFile section */
		9B092E6A2769C0BF00651296 /* MyDeliveryApp.swift in Sources */ = {isa = PBXBuildFile; fileRef = 9B092E692769C0BF00651296 /* MyDeliveryApp.swift */; };
		9B092E6E2769C0C100651296 /* Assets.xcassets in Resources */ = {isa = PBXBuildFile; fileRef = 9B092E6D2769C0C100651296 /* Assets.xcassets */; };
		9B092E712769C0C100651296 /* Preview Assets.xcassets in Resources */ = {isa = PBXBuildFile; fileRef = 9B092E702769C0C100651296 /* Preview Assets.xcassets */; };
		9B092E7D2769C12900651296 /* Extensions.swift in Sources */ = {isa = PBXBuildFile; fileRef = 9B092E7C2769C12900651296 /* Extensions.swift */; };
		9B092E842769C19900651296 /* african.jpg in Resources */ = {isa = PBXBuildFile; fileRef = 9B092E7F2769C19900651296 /* african.jpg */; };
		9B092E852769C19900651296 /* europian.jpg in Resources */ = {isa = PBXBuildFile; fileRef = 9B092E802769C19900651296 /* europian.jpg */; };
		9B092E862769C19900651296 /* oceanian.jpg in Resources */ = {isa = PBXBuildFile; fileRef = 9B092E812769C19900651296 /* oceanian.jpg */; };
		9B092E872769C19900651296 /* american.jpg in Resources */ = {isa = PBXBuildFile; fileRef = 9B092E822769C19900651296 /* american.jpg */; };
		9B092E882769C19900651296 /* asian.png in Resources */ = {isa = PBXBuildFile; fileRef = 9B092E832769C19900651296 /* asian.png */; };
		9B092E8F2769C1DD00651296 /* StoreView.swift in Sources */ = {isa = PBXBuildFile; fileRef = 9B092E8C2769C1DD00651296 /* StoreView.swift */; };
		9B092E902769C1DD00651296 /* AppBarView.swift in Sources */ = {isa = PBXBuildFile; fileRef = 9B092E8D2769C1DD00651296 /* AppBarView.swift */; };
		9B092E912769C1DD00651296 /* ListView.swift in Sources */ = {isa = PBXBuildFile; fileRef = 9B092E8E2769C1DD00651296 /* ListView.swift */; };
		9B092E932769C1EB00651296 /* ListVIewModel.swift in Sources */ = {isa = PBXBuildFile; fileRef = 9B092E922769C1EB00651296 /* ListVIewModel.swift */; };
		9B092E952769C1FD00651296 /* Store.swift in Sources */ = {isa = PBXBuildFile; fileRef = 9B092E942769C1FD00651296 /* Store.swift */; };
		9B092E972769C25200651296 /* DBdata.json in Resources */ = {isa = PBXBuildFile; fileRef = 9B092E962769C25200651296 /* DBdata.json */; };
/* End PBXBuildFile section */

/* Begin PBXFileReference section */
		9B092E662769C0BF00651296 /* MyDelivery.app */ = {isa = PBXFileReference; explicitFileType = wrapper.application; includeInIndex = 0; path = MyDelivery.app; sourceTree = BUILT_PRODUCTS_DIR; };
		9B092E692769C0BF00651296 /* MyDeliveryApp.swift */ = {isa = PBXFileReference; lastKnownFileType = sourcecode.swift; path = MyDeliveryApp.swift; sourceTree = "<group>"; };
		9B092E6D2769C0C100651296 /* Assets.xcassets */ = {isa = PBXFileReference; lastKnownFileType = folder.assetcatalog; path = Assets.xcassets; sourceTree = "<group>"; };
		9B092E702769C0C100651296 /* Preview Assets.xcassets */ = {isa = PBXFileReference; lastKnownFileType = folder.assetcatalog; path = "Preview Assets.xcassets"; sourceTree = "<group>"; };
		9B092E7C2769C12900651296 /* Extensions.swift */ = {isa = PBXFileReference; lastKnownFileType = sourcecode.swift; path = Extensions.swift; sourceTree = "<group>"; };
		9B092E7F2769C19900651296 /* african.jpg */ = {isa = PBXFileReference; lastKnownFileType = image.jpeg; path = african.jpg; sourceTree = "<group>"; };
		9B092E802769C19900651296 /* europian.jpg */ = {isa = PBXFileReference; lastKnownFileType = image.jpeg; path = europian.jpg; sourceTree = "<group>"; };
		9B092E812769C19900651296 /* oceanian.jpg */ = {isa = PBXFileReference; lastKnownFileType = image.jpeg; path = oceanian.jpg; sourceTree = "<group>"; };
		9B092E822769C19900651296 /* american.jpg */ = {isa = PBXFileReference; lastKnownFileType = image.jpeg; path = american.jpg; sourceTree = "<group>"; };
		9B092E832769C19900651296 /* asian.png */ = {isa = PBXFileReference; lastKnownFileType = image.png; path = asian.png; sourceTree = "<group>"; };
		9B092E8C2769C1DD00651296 /* StoreView.swift */ = {isa = PBXFileReference; fileEncoding = 4; lastKnownFileType = sourcecode.swift; path = StoreView.swift; sourceTree = "<group>"; };
		9B092E8D2769C1DD00651296 /* AppBarView.swift */ = {isa = PBXFileReference; fileEncoding = 4; lastKnownFileType = sourcecode.swift; path = AppBarView.swift; sourceTree = "<group>"; };
		9B092E8E2769C1DD00651296 /* ListView.swift */ = {isa = PBXFileReference; fileEncoding = 4; lastKnownFileType = sourcecode.swift; path = ListView.swift; sourceTree = "<group>"; };
		9B092E922769C1EB00651296 /* ListVIewModel.swift */ = {isa = PBXFileReference; fileEncoding = 4; lastKnownFileType = sourcecode.swift; path = ListVIewModel.swift; sourceTree = "<group>"; };
		9B092E942769C1FD00651296 /* Store.swift */ = {isa = PBXFileReference; fileEncoding = 4; lastKnownFileType = sourcecode.swift; path = Store.swift; sourceTree = "<group>"; };
		9B092E962769C25200651296 /* DBdata.json */ = {isa = PBXFileReference; fileEncoding = 4; lastKnownFileType = text.json; path = DBdata.json; sourceTree = "<group>"; };
/* End PBXFileReference section */

/* Begin PBXFrameworksBuildPhase section */
		9B092E632769C0BF00651296 /* Frameworks */ = {
			isa = PBXFrameworksBuildPhase;
			buildActionMask = 2147483647;
			files = (
			);
			runOnlyForDeploymentPostprocessing = 0;
		};
/* End PBXFrameworksBuildPhase section */

/* Begin PBXGroup section */
		9B092E5D2769C0BF00651296 = {
			isa = PBXGroup;
			children = (
				9B092E682769C0BF00651296 /* MyDelivery */,
				9B092E672769C0BF00651296 /* Products */,
			);
			sourceTree = "<group>";
		};
		9B092E672769C0BF00651296 /* Products */ = {
			isa = PBXGroup;
			children = (
				9B092E662769C0BF00651296 /* MyDelivery.app */,
			);
			name = Products;
			sourceTree = "<group>";
		};
		9B092E682769C0BF00651296 /* MyDelivery */ = {
			isa = PBXGroup;
			children = (
				9B092E8B2769C1AA00651296 /* View */,
				9B092E8A2769C1A500651296 /* ViewModel */,
				9B092E892769C1A100651296 /* Model */,
				9B092E792769C0FD00651296 /* Supporting Files */,
				9B092E692769C0BF00651296 /* MyDeliveryApp.swift */,
				9B092E6D2769C0C100651296 /* Assets.xcassets */,
				9B092E6F2769C0C100651296 /* Preview Content */,
			);
			path = MyDelivery;
			sourceTree = "<group>";
		};
		9B092E6F2769C0C100651296 /* Preview Content */ = {
			isa = PBXGroup;
			children = (
				9B092E702769C0C100651296 /* Preview Assets.xcassets */,
			);
			path = "Preview Content";
			sourceTree = "<group>";
		};
		9B092E792769C0FD00651296 /* Supporting Files */ = {
			isa = PBXGroup;
			children = (
				9B092E7E2769C18200651296 /* assets */,
				9B092E962769C25200651296 /* DBdata.json */,
				9B092E7C2769C12900651296 /* Extensions.swift */,
			);
			path = "Supporting Files";
			sourceTree = "<group>";
		};
		9B092E7E2769C18200651296 /* assets */ = {
			isa = PBXGroup;
			children = (
				9B092E7F2769C19900651296 /* african.jpg */,
				9B092E822769C19900651296 /* american.jpg */,
				9B092E832769C19900651296 /* asian.png */,
				9B092E802769C19900651296 /* europian.jpg */,
				9B092E812769C19900651296 /* oceanian.jpg */,
			);
			path = assets;
			sourceTree = "<group>";
		};
		9B092E892769C1A100651296 /* Model */ = {
			isa = PBXGroup;
			children = (
				9B092E942769C1FD00651296 /* Store.swift */,
			);
			path = Model;
			sourceTree = "<group>";
		};
		9B092E8A2769C1A500651296 /* ViewModel */ = {
			isa = PBXGroup;
			children = (
				9B092E922769C1EB00651296 /* ListVIewModel.swift */,
			);
			path = ViewModel;
			sourceTree = "<group>";
		};
		9B092E8B2769C1AA00651296 /* View */ = {
			isa = PBXGroup;
			children = (
				9B092E8D2769C1DD00651296 /* AppBarView.swift */,
				9B092E8E2769C1DD00651296 /* ListView.swift */,
				9B092E8C2769C1DD00651296 /* StoreView.swift */,
			);
			path = View;
			sourceTree = "<group>";
		};
/* End PBXGroup section */

/* Begin PBXNativeTarget section */
		9B092E652769C0BF00651296 /* MyDelivery */ = {
			isa = PBXNativeTarget;
			buildConfigurationList = 9B092E742769C0C100651296 /* Build configuration list for PBXNativeTarget "MyDelivery" */;
			buildPhases = (
				9B092E622769C0BF00651296 /* Sources */,
				9B092E632769C0BF00651296 /* Frameworks */,
				9B092E642769C0BF00651296 /* Resources */,
			);
			buildRules = (
			);
			dependencies = (
			);
			name = MyDelivery;
			productName = MyDelivery;
			productReference = 9B092E662769C0BF00651296 /* MyDelivery.app */;
			productType = "com.apple.product-type.application";
		};
/* End PBXNativeTarget section */

/* Begin PBXProject section */
		9B092E5E2769C0BF00651296 /* Project object */ = {
			isa = PBXProject;
			attributes = {
				BuildIndependentTargetsInParallel = 1;
				LastSwiftUpdateCheck = 1320;
				LastUpgradeCheck = 1320;
				TargetAttributes = {
					9B092E652769C0BF00651296 = {
						CreatedOnToolsVersion = 13.2;
					};
				};
			};
			buildConfigurationList = 9B092E612769C0BF00651296 /* Build configuration list for PBXProject "MyDelivery" */;
			compatibilityVersion = "Xcode 13.0";
			developmentRegion = en;
			hasScannedForEncodings = 0;
			knownRegions = (
				en,
				Base,
			);
			mainGroup = 9B092E5D2769C0BF00651296;
			productRefGroup = 9B092E672769C0BF00651296 /* Products */;
			projectDirPath = "";
			projectRoot = "";
			targets = (
				9B092E652769C0BF00651296 /* MyDelivery */,
			);
		};
/* End PBXProject section */

/* Begin PBXResourcesBuildPhase section */
		9B092E642769C0BF00651296 /* Resources */ = {
			isa = PBXResourcesBuildPhase;
			buildActionMask = 2147483647;
			files = (
				9B092E842769C19900651296 /* african.jpg in Resources */,
				9B092E872769C19900651296 /* american.jpg in Resources */,
				9B092E712769C0C100651296 /* Preview Assets.xcassets in Resources */,
				9B092E972769C25200651296 /* DBdata.json in Resources */,
				9B092E852769C19900651296 /* europian.jpg in Resources */,
				9B092E862769C19900651296 /* oceanian.jpg in Resources */,
				9B092E882769C19900651296 /* asian.png in Resources */,
				9B092E6E2769C0C100651296 /* Assets.xcassets in Resources */,
			);
			runOnlyForDeploymentPostprocessing = 0;
		};
/* End PBXResourcesBuildPhase section */

/* Begin PBXSourcesBuildPhase section */
		9B092E622769C0BF00651296 /* Sources */ = {
			isa = PBXSourcesBuildPhase;
			buildActionMask = 2147483647;
			files = (
				9B092E952769C1FD00651296 /* Store.swift in Sources */,
				9B092E902769C1DD00651296 /* AppBarView.swift in Sources */,
				9B092E7D2769C12900651296 /* Extensions.swift in Sources */,
				9B092E912769C1DD00651296 /* ListView.swift in Sources */,
				9B092E8F2769C1DD00651296 /* StoreView.swift in Sources */,
				9B092E932769C1EB00651296 /* ListVIewModel.swift in Sources */,
				9B092E6A2769C0BF00651296 /* MyDeliveryApp.swift in Sources */,
			);
			runOnlyForDeploymentPostprocessing = 0;
		};
/* End PBXSourcesBuildPhase section */

/* Begin XCBuildConfiguration section */
		9B092E722769C0C100651296 /* Debug */ = {
			isa = XCBuildConfiguration;
			buildSettings = {
				ALWAYS_SEARCH_USER_PATHS = NO;
				CLANG_ANALYZER_NONNULL = YES;
				CLANG_ANALYZER_NUMBER_OBJECT_CONVERSION = YES_AGGRESSIVE;
				CLANG_CXX_LANGUAGE_STANDARD = "gnu++17";
				CLANG_CXX_LIBRARY = "libc++";
				CLANG_ENABLE_MODULES = YES;
				CLANG_ENABLE_OBJC_ARC = YES;
				CLANG_ENABLE_OBJC_WEAK = YES;
				CLANG_WARN_BLOCK_CAPTURE_AUTORELEASING = YES;
				CLANG_WARN_BOOL_CONVERSION = YES;
				CLANG_WARN_COMMA = YES;
				CLANG_WARN_CONSTANT_CONVERSION = YES;
				CLANG_WARN_DEPRECATED_OBJC_IMPLEMENTATIONS = YES;
				CLANG_WARN_DIRECT_OBJC_ISA_USAGE = YES_ERROR;
				CLANG_WARN_DOCUMENTATION_COMMENTS = YES;
				CLANG_WARN_EMPTY_BODY = YES;
				CLANG_WARN_ENUM_CONVERSION = YES;
				CLANG_WARN_INFINITE_RECURSION = YES;
				CLANG_WARN_INT_CONVERSION = YES;
				CLANG_WARN_NON_LITERAL_NULL_CONVERSION = YES;
				CLANG_WARN_OBJC_IMPLICIT_RETAIN_SELF = YES;
				CLANG_WARN_OBJC_LITERAL_CONVERSION = YES;
				CLANG_WARN_OBJC_ROOT_CLASS = YES_ERROR;
				CLANG_WARN_QUOTED_INCLUDE_IN_FRAMEWORK_HEADER = YES;
				CLANG_WARN_RANGE_LOOP_ANALYSIS = YES;
				CLANG_WARN_STRICT_PROTOTYPES = YES;
				CLANG_WARN_SUSPICIOUS_MOVE = YES;
				CLANG_WARN_UNGUARDED_AVAILABILITY = YES_AGGRESSIVE;
				CLANG_WARN_UNREACHABLE_CODE = YES;
				CLANG_WARN__DUPLICATE_METHOD_MATCH = YES;
				COPY_PHASE_STRIP = NO;
				DEBUG_INFORMATION_FORMAT = dwarf;
				ENABLE_STRICT_OBJC_MSGSEND = YES;
				ENABLE_TESTABILITY = YES;
				GCC_C_LANGUAGE_STANDARD = gnu11;
				GCC_DYNAMIC_NO_PIC = NO;
				GCC_NO_COMMON_BLOCKS = YES;
				GCC_OPTIMIZATION_LEVEL = 0;
				GCC_PREPROCESSOR_DEFINITIONS = (
					"DEBUG=1",
					"$(inherited)",
				);
				GCC_WARN_64_TO_32_BIT_CONVERSION = YES;
				GCC_WARN_ABOUT_RETURN_TYPE = YES_ERROR;
				GCC_WARN_UNDECLARED_SELECTOR = YES;
				GCC_WARN_UNINITIALIZED_AUTOS = YES_AGGRESSIVE;
				GCC_WARN_UNUSED_FUNCTION = YES;
				GCC_WARN_UNUSED_VARIABLE = YES;
				IPHONEOS_DEPLOYMENT_TARGET = 15.2;
				MTL_ENABLE_DEBUG_INFO = INCLUDE_SOURCE;
				MTL_FAST_MATH = YES;
				ONLY_ACTIVE_ARCH = YES;
				SDKROOT = iphoneos;
				SWIFT_ACTIVE_COMPILATION_CONDITIONS = DEBUG;
				SWIFT_OPTIMIZATION_LEVEL = "-Onone";
			};
			name = Debug;
		};
		9B092E732769C0C100651296 /* Release */ = {
			isa = XCBuildConfiguration;
			buildSettings = {
				ALWAYS_SEARCH_USER_PATHS = NO;
				CLANG_ANALYZER_NONNULL = YES;
				CLANG_ANALYZER_NUMBER_OBJECT_CONVERSION = YES_AGGRESSIVE;
				CLANG_CXX_LANGUAGE_STANDARD = "gnu++17";
				CLANG_CXX_LIBRARY = "libc++";
				CLANG_ENABLE_MODULES = YES;
				CLANG_ENABLE_OBJC_ARC = YES;
				CLANG_ENABLE_OBJC_WEAK = YES;
				CLANG_WARN_BLOCK_CAPTURE_AUTORELEASING = YES;
				CLANG_WARN_BOOL_CONVERSION = YES;
				CLANG_WARN_COMMA = YES;
				CLANG_WARN_CONSTANT_CONVERSION = YES;
				CLANG_WARN_DEPRECATED_OBJC_IMPLEMENTATIONS = YES;
				CLANG_WARN_DIRECT_OBJC_ISA_USAGE = YES_ERROR;
				CLANG_WARN_DOCUMENTATION_COMMENTS = YES;
				CLANG_WARN_EMPTY_BODY = YES;
				CLANG_WARN_ENUM_CONVERSION = YES;
				CLANG_WARN_INFINITE_RECURSION = YES;
				CLANG_WARN_INT_CONVERSION = YES;
				CLANG_WARN_NON_LITERAL_NULL_CONVERSION = YES;
				CLANG_WARN_OBJC_IMPLICIT_RETAIN_SELF = YES;
				CLANG_WARN_OBJC_LITERAL_CONVERSION = YES;
				CLANG_WARN_OBJC_ROOT_CLASS = YES_ERROR;
				CLANG_WARN_QUOTED_INCLUDE_IN_FRAMEWORK_HEADER = YES;
				CLANG_WARN_RANGE_LOOP_ANALYSIS = YES;
				CLANG_WARN_STRICT_PROTOTYPES = YES;
				CLANG_WARN_SUSPICIOUS_MOVE = YES;
				CLANG_WARN_UNGUARDED_AVAILABILITY = YES_AGGRESSIVE;
				CLANG_WARN_UNREACHABLE_CODE = YES;
				CLANG_WARN__DUPLICATE_METHOD_MATCH = YES;
				COPY_PHASE_STRIP = NO;
				DEBUG_INFORMATION_FORMAT = "dwarf-with-dsym";
				ENABLE_NS_ASSERTIONS = NO;
				ENABLE_STRICT_OBJC_MSGSEND = YES;
				GCC_C_LANGUAGE_STANDARD = gnu11;
				GCC_NO_COMMON_BLOCKS = YES;
				GCC_WARN_64_TO_32_BIT_CONVERSION = YES;
				GCC_WARN_ABOUT_RETURN_TYPE = YES_ERROR;
				GCC_WARN_UNDECLARED_SELECTOR = YES;
				GCC_WARN_UNINITIALIZED_AUTOS = YES_AGGRESSIVE;
				GCC_WARN_UNUSED_FUNCTION = YES;
				GCC_WARN_UNUSED_VARIABLE = YES;
				IPHONEOS_DEPLOYMENT_TARGET = 15.2;
				MTL_ENABLE_DEBUG_INFO = NO;
				MTL_FAST_MATH = YES;
				SDKROOT = iphoneos;
				SWIFT_COMPILATION_MODE = wholemodule;
				SWIFT_OPTIMIZATION_LEVEL = "-O";
				VALIDATE_PRODUCT = YES;
			};
			name = Release;
		};
		9B092E752769C0C100651296 /* Debug */ = {
			isa = XCBuildConfiguration;
			buildSettings = {
				ASSETCATALOG_COMPILER_APPICON_NAME = AppIcon;
				ASSETCATALOG_COMPILER_GLOBAL_ACCENT_COLOR_NAME = AccentColor;
				CODE_SIGN_STYLE = Automatic;
				CURRENT_PROJECT_VERSION = 1;
				DEVELOPMENT_ASSET_PATHS = "\"MyDelivery/Preview Content\"";
				DEVELOPMENT_TEAM = W6QHM4Y43Z;
				ENABLE_PREVIEWS = YES;
				GENERATE_INFOPLIST_FILE = YES;
				INFOPLIST_KEY_UIApplicationSceneManifest_Generation = YES;
				INFOPLIST_KEY_UIApplicationSupportsIndirectInputEvents = YES;
				INFOPLIST_KEY_UILaunchScreen_Generation = YES;
				INFOPLIST_KEY_UISupportedInterfaceOrientations_iPad = "UIInterfaceOrientationPortrait UIInterfaceOrientationPortraitUpsideDown UIInterfaceOrientationLandscapeLeft UIInterfaceOrientationLandscapeRight";
				INFOPLIST_KEY_UISupportedInterfaceOrientations_iPhone = "UIInterfaceOrientationPortrait UIInterfaceOrientationLandscapeLeft UIInterfaceOrientationLandscapeRight";
				LD_RUNPATH_SEARCH_PATHS = (
					"$(inherited)",
					"@executable_path/Frameworks",
				);
				MARKETING_VERSION = 1.0;
				PRODUCT_BUNDLE_IDENTIFIER = com.enebin.MyDelivery;
				PRODUCT_NAME = "$(TARGET_NAME)";
				SWIFT_EMIT_LOC_STRINGS = YES;
				SWIFT_VERSION = 5.0;
				TARGETED_DEVICE_FAMILY = "1,2";
			};
			name = Debug;
		};
		9B092E762769C0C100651296 /* Release */ = {
			isa = XCBuildConfiguration;
			buildSettings = {
				ASSETCATALOG_COMPILER_APPICON_NAME = AppIcon;
				ASSETCATALOG_COMPILER_GLOBAL_ACCENT_COLOR_NAME = AccentColor;
				CODE_SIGN_STYLE = Automatic;
				CURRENT_PROJECT_VERSION = 1;
				DEVELOPMENT_ASSET_PATHS = "\"MyDelivery/Preview Content\"";
				DEVELOPMENT_TEAM = W6QHM4Y43Z;
				ENABLE_PREVIEWS = YES;
				GENERATE_INFOPLIST_FILE = YES;
				INFOPLIST_KEY_UIApplicationSceneManifest_Generation = YES;
				INFOPLIST_KEY_UIApplicationSupportsIndirectInputEvents = YES;
				INFOPLIST_KEY_UILaunchScreen_Generation = YES;
				INFOPLIST_KEY_UISupportedInterfaceOrientations_iPad = "UIInterfaceOrientationPortrait UIInterfaceOrientationPortraitUpsideDown UIInterfaceOrientationLandscapeLeft UIInterfaceOrientationLandscapeRight";
				INFOPLIST_KEY_UISupportedInterfaceOrientations_iPhone = "UIInterfaceOrientationPortrait UIInterfaceOrientationLandscapeLeft UIInterfaceOrientationLandscapeRight";
				LD_RUNPATH_SEARCH_PATHS = (
					"$(inherited)",
					"@executable_path/Frameworks",
				);
				MARKETING_VERSION = 1.0;
				PRODUCT_BUNDLE_IDENTIFIER = com.enebin.MyDelivery;
				PRODUCT_NAME = "$(TARGET_NAME)";
				SWIFT_EMIT_LOC_STRINGS = YES;
				SWIFT_VERSION = 5.0;
				TARGETED_DEVICE_FAMILY = "1,2";
			};
			name = Release;
		};
/* End XCBuildConfiguration section */

/* Begin XCConfigurationList section */
		9B092E612769C0BF00651296 /* Build configuration list for PBXProject "MyDelivery" */ = {
			isa = XCConfigurationList;
			buildConfigurations = (
				9B092E722769C0C100651296 /* Debug */,
				9B092E732769C0C100651296 /* Release */,
			);
			defaultConfigurationIsVisible = 0;
			defaultConfigurationName = Release;
		};
		9B092E742769C0C100651296 /* Build configuration list for PBXNativeTarget "MyDelivery" */ = {
			isa = XCConfigurationList;
			buildConfigurations = (
				9B092E752769C0C100651296 /* Debug */,
				9B092E762769C0C100651296 /* Release */,
			);
			defaultConfigurationIsVisible = 0;
			defaultConfigurationName = Release;
		};
/* End XCConfigurationList section */
	};
	rootObject = 9B092E5E2769C0BF00651296 /* Project object */;
}
